
Microsoft Visual Studio Solution File, Format Version 12.00
# Visual Studio Version 17
VisualStudioVersion = 17.10.35027.167
MinimumVisualStudioVersion = 10.0.40219.1
Project("{9A19103F-16F7-4668-BE54-9A1E7A4F7556}") = "EffectiveMobileTest.Web.Api", "EffectiveMobileTest.Web.Api\EffectiveMobileTest.Web.Api.csproj", "{34AD1873-3D99-4C4B-8943-83388B536A4D}"
EndProject
Project("{9A19103F-16F7-4668-BE54-9A1E7A4F7556}") = "EffectiveMobile.Data", "EffectiveMobile.Data\EffectiveMobile.Data.csproj", "{7695D02C-0BBE-4C44-AF18-048E093BE2B5}"
EndProject
Project("{9A19103F-16F7-4668-BE54-9A1E7A4F7556}") = "EffectiveMobile.Service", "EffectiveMobile.Service\EffectiveMobile.Service.csproj", "{69E8DFF5-7EE1-42A8-8C6D-6CCCD0B8499F}"
EndProject
Project("{9A19103F-16F7-4668-BE54-9A1E7A4F7556}") = "EffectiveMobile.Domain", "EffectiveMobile.Domain\EffectiveMobile.Domain.csproj", "{265D4B05-3D30-41F5-9DF5-DE4ED6E28914}"
EndProject
Global
	GlobalSection(SolutionConfigurationPlatforms) = preSolution
		Debug|Any CPU = Debug|Any CPU
		Release|Any CPU = Release|Any CPU
	EndGlobalSection
	GlobalSection(ProjectConfigurationPlatforms) = postSolution
		{34AD1873-3D99-4C4B-8943-83388B536A4D}.Debug|Any CPU.ActiveCfg = Debug|Any CPU
		{34AD1873-3D99-4C4B-8943-83388B536A4D}.Debug|Any CPU.Build.0 = Debug|Any CPU
		{34AD1873-3D99-4C4B-8943-83388B536A4D}.Release|Any CPU.ActiveCfg = Release|Any CPU
		{34AD1873-3D99-4C4B-8943-83388B536A4D}.Release|Any CPU.Build.0 = Release|Any CPU
		{7695D02C-0BBE-4C44-AF18-048E093BE2B5}.Debug|Any CPU.ActiveCfg = Debug|Any CPU
		{7695D02C-0BBE-4C44-AF18-048E093BE2B5}.Debug|Any CPU.Build.0 = Debug|Any CPU
		{7695D02C-0BBE-4C44-AF18-048E093BE2B5}.Release|Any CPU.ActiveCfg = Release|Any CPU
		{7695D02C-0BBE-4C44-AF18-048E093BE2B5}.Release|Any CPU.Build.0 = Release|Any CPU
		{69E8DFF5-7EE1-42A8-8C6D-6CCCD0B8499F}.Debug|Any CPU.ActiveCfg = Debug|Any CPU
		{69E8DFF5-7EE1-42A8-8C6D-6CCCD0B8499F}.Debug|Any CPU.Build.0 = Debug|Any CPU
		{69E8DFF5-7EE1-42A8-8C6D-6CCCD0B8499F}.Release|Any CPU.ActiveCfg = Release|Any CPU
		{69E8DFF5-7EE1-42A8-8C6D-6CCCD0B8499F}.Release|Any CPU.Build.0 = Release|Any CPU
		{265D4B05-3D30-41F5-9DF5-DE4ED6E28914}.Debug|Any CPU.ActiveCfg = Debug|Any CPU
		{265D4B05-3D30-41F5-9DF5-DE4ED6E28914}.Debug|Any CPU.Build.0 = Debug|Any CPU
		{265D4B05-3D30-41F5-9DF5-DE4ED6E28914}.Release|Any CPU.ActiveCfg = Release|Any CPU
		{265D4B05-3D30-41F5-9DF5-DE4ED6E28914}.Release|Any CPU.Build.0 = Release|Any CPU
	EndGlobalSection
	GlobalSection(SolutionProperties) = preSolution
		HideSolutionNode = FALSE
	EndGlobalSection
	GlobalSection(ExtensibilityGlobals) = postSolution
		SolutionGuid = {6916533D-4B9A-4E40-B28F-7902FC67A085}
	EndGlobalSection
EndGlobal
